
Microsoft Visual Studio Solution File, Format Version 12.00
# Visual Studio Version 16
VisualStudioVersion = 16.0.29424.173
MinimumVisualStudioVersion = 10.0.40219.1
Project("{FAE04EC0-301F-11D3-BF4B-00C04F79EFBC}") = "Agenda", "Agenda.csproj", "{3C143FC9-6F54-4508-B7BF-ED64FA36E565}"
EndProject
Global
	GlobalSection(SolutionConfigurationPlatforms) = preSolution
		Debug|Any CPU = Debug|Any CPU
		Release|Any CPU = Release|Any CPU
	EndGlobalSection
	GlobalSection(ProjectConfigurationPlatforms) = postSolution
		{3C143FC9-6F54-4508-B7BF-ED64FA36E565}.Debug|Any CPU.ActiveCfg = Debug|Any CPU
		{3C143FC9-6F54-4508-B7BF-ED64FA36E565}.Debug|Any CPU.Build.0 = Debug|Any CPU
		{3C143FC9-6F54-4508-B7BF-ED64FA36E565}.Release|Any CPU.ActiveCfg = Release|Any CPU
		{3C143FC9-6F54-4508-B7BF-ED64FA36E565}.Release|Any CPU.Build.0 = Release|Any CPU
	EndGlobalSection
	GlobalSection(SolutionProperties) = preSolution
		HideSolutionNode = FALSE
	EndGlobalSection
	GlobalSection(ExtensibilityGlobals) = postSolution
		SolutionGuid = {51FD8AF4-166A-4551-8948-1A2B4C1EFDAC}
	EndGlobalSection
EndGlobal
